
Microsoft Visual Studio Solution File, Format Version 12.00
# Visual Studio Version 16
VisualStudioVersion = 16.0.28803.352
MinimumVisualStudioVersion = 10.0.40219.1
Project("{8BC9CEB8-8B4A-11D0-8D11-00A0C91BC942}") = "Chapter4ProgrammingChallenges", "Chapter4ProgrammingChallenges\Chapter4ProgrammingChallenges.vcxproj", "{C4B5F587-E200-427D-B0A8-10F79F2DF850}"
EndProject
Global
	GlobalSection(SolutionConfigurationPlatforms) = preSolution
		Debug|x64 = Debug|x64
		Debug|x86 = Debug|x86
		Release|x64 = Release|x64
		Release|x86 = Release|x86
	EndGlobalSection
	GlobalSection(ProjectConfigurationPlatforms) = postSolution
		{C4B5F587-E200-427D-B0A8-10F79F2DF850}.Debug|x64.ActiveCfg = Debug|x64
		{C4B5F587-E200-427D-B0A8-10F79F2DF850}.Debug|x64.Build.0 = Debug|x64
		{C4B5F587-E200-427D-B0A8-10F79F2DF850}.Debug|x86.ActiveCfg = Debug|Win32
		{C4B5F587-E200-427D-B0A8-10F79F2DF850}.Debug|x86.Build.0 = Debug|Win32
		{C4B5F587-E200-427D-B0A8-10F79F2DF850}.Release|x64.ActiveCfg = Release|x64
		{C4B5F587-E200-427D-B0A8-10F79F2DF850}.Release|x64.Build.0 = Release|x64
		{C4B5F587-E200-427D-B0A8-10F79F2DF850}.Release|x86.ActiveCfg = Release|Win32
		{C4B5F587-E200-427D-B0A8-10F79F2DF850}.Release|x86.Build.0 = Release|Win32
	EndGlobalSection
	GlobalSection(SolutionProperties) = preSolution
		HideSolutionNode = FALSE
	EndGlobalSection
	GlobalSection(ExtensibilityGlobals) = postSolution
		SolutionGuid = {13B22661-9D7F-47BD-BC67-CED9B3805C99}
	EndGlobalSection
EndGlobal
